{
  "name": "zenn",
  "version": "1.0.0",
  "lockfileVersion": 2,
  "requires": true,
  "packages": {
    "": {
      "name": "zenn",
      "version": "1.0.0",
      "license": "ISC",
      "dependencies": {
        "zenn-cli": "^0.1.149"
      }
    },
    "node_modules/zenn-cli": {
      "version": "0.1.149",
      "resolved": "https://registry.npmjs.org/zenn-cli/-/zenn-cli-0.1.149.tgz",
      "integrity": "sha512-vMOoEy15VOVLGSr0eXbz4bfsW4veODUMqA8SAR6h1oKfwe1z/aKW2gWC5wAotzAVHkcv8GqsRT++gSz6+cLkDA==",
      "bin": {
        "zenn": "dist/server/zenn.js"
      },
      "engines": {
        "node": ">=14.0.0"
      }
    }
  },
  "dependencies": {
    "zenn-cli": {
      "version": "0.1.149",
      "resolved": "https://registry.npmjs.org/zenn-cli/-/zenn-cli-0.1.149.tgz",
      "integrity": "sha512-vMOoEy15VOVLGSr0eXbz4bfsW4veODUMqA8SAR6h1oKfwe1z/aKW2gWC5wAotzAVHkcv8GqsRT++gSz6+cLkDA=="
    }
  }
}
